{
  "nodes": {
    "elm-spa": {
      "inputs": {
        "nixpkgs": [
          "nixpkgs"
        ]
      },
      "locked": {
        "lastModified": 1706301604,
        "narHash": "sha256-n6LDjnPCTLbKTrRgeZhlLTfY6V45xNYcb4NYEMuO4jg=",
        "owner": "jeslie0",
        "repo": "elm-spa",
        "rev": "4c82e18d5fcf9d4c027f0ef0e89204dd87584f7f",
        "type": "github"
      },
      "original": {
        "owner": "jeslie0",
        "repo": "elm-spa",
        "type": "github"
      }
    },
    "elm-watch": {
      "inputs": {
        "nixpkgs": [
          "nixpkgs"
        ],
        "npm-fix": "npm-fix",
        "npmlock2nix": "npmlock2nix"
      },
      "locked": {
        "lastModified": 1706304401,
        "narHash": "sha256-992cypnhoRbsGkDc5/X241rafBML4EP0EuT6cBcaY/8=",
        "owner": "jeslie0",
        "repo": "elm-watch",
        "rev": "2f1c6c0e69b163c15e2ce66f543c38021b2a0ea3",
        "type": "github"
      },
      "original": {
        "owner": "jeslie0",
        "repo": "elm-watch",
        "type": "github"
      }
    },
    "elmSnapshot": {
      "inputs": {
        "nixpkgs": "nixpkgs"
      },
      "locked": {
        "lastModified": 1706359268,
        "narHash": "sha256-GtyfIq8/3ieVAJPkjhqz+vwkpeyIUQho4p9nIVPFU48=",
        "owner": "jeslie0",
        "repo": "ElmSnapshot",
        "rev": "a2fc2ea34ec28745bdf3b9ad43e80ff81d660595",
        "type": "github"
      },
      "original": {
        "owner": "jeslie0",
        "repo": "ElmSnapshot",
        "type": "github"
      }
    },
    "nixpkgs": {
      "locked": {
        "lastModified": 1687518131,
        "narHash": "sha256-KirltRIc4SFfk8bTNudIqgKAALH5oqpW3PefmkfWK5M=",
        "owner": "nixos",
        "repo": "nixpkgs",
        "rev": "3d8a93602bc54ece7a4e689d9aea1a574e2bbc24",
        "type": "github"
      },
      "original": {
        "owner": "nixos",
        "ref": "nixpkgs-unstable",
        "repo": "nixpkgs",
        "type": "github"
      }
    },
    "nixpkgs_2": {
      "locked": {
        "lastModified": 1696757521,
        "narHash": "sha256-cfgtLNCBLFx2qOzRLI6DHfqTdfWI+UbvsKYa3b3fvaA=",
        "owner": "nixos",
        "repo": "nixpkgs",
        "rev": "2646b294a146df2781b1ca49092450e8a32814e1",
        "type": "github"
      },
      "original": {
        "owner": "nixos",
        "ref": "nixpkgs-unstable",
        "repo": "nixpkgs",
        "type": "github"
      }
    },
    "npm-fix": {
      "inputs": {
        "nixpkgs": [
          "elm-watch",
          "nixpkgs"
        ]
      },
      "locked": {
        "lastModified": 1706304213,
        "narHash": "sha256-XN9ESRSOANR0iFbEMMY1C1jvgZlYJsXQYVAHxxRmn+c=",
        "owner": "jeslie0",
        "repo": "npm-lockfile-fix",
        "rev": "e9851274afa12b04d98e694ed089aa9cde8d7349",
        "type": "github"
      },
      "original": {
        "owner": "jeslie0",
        "repo": "npm-lockfile-fix",
        "type": "github"
      }
    },
    "npmlock2nix": {
      "flake": false,
      "locked": {
        "lastModified": 1673447413,
        "narHash": "sha256-sJM82Sj8yfQYs9axEmGZ9Evzdv/kDcI9sddqJ45frrU=",
        "owner": "nix-community",
        "repo": "npmlock2nix",
        "rev": "9197bbf397d76059a76310523d45df10d2e4ca81",
        "type": "github"
      },
      "original": {
        "owner": "nix-community",
        "repo": "npmlock2nix",
        "type": "github"
      }
    },
    "root": {
      "inputs": {
        "elm-spa": "elm-spa",
        "elm-watch": "elm-watch",
        "elmSnapshot": "elmSnapshot",
        "nixpkgs": "nixpkgs_2"
      }
    }
  },
  "root": "root",
  "version": 7
}
