{
  "nodes": {
    "elm-spa": {
      "inputs": {
        "flake-utils": [
          "mkElmDerivation",
          "flake-utils"
        ],
        "nixpkgs": [
          "mkElmDerivation",
          "nixpkgs"
        ]
      },
      "locked": {
        "lastModified": 1680551213,
        "narHash": "sha256-Sjrb0dwsEhSBqnylFl/dGThiR16QdrjEw3+bRdRTi5M=",
        "owner": "jeslie0",
        "repo": "elm-spa",
        "rev": "cc3a5921367df5fd2c29397c7c51b559a5b784f2",
        "type": "github"
      },
      "original": {
        "owner": "jeslie0",
        "repo": "elm-spa",
        "type": "github"
      }
    },
    "elm-watch": {
      "inputs": {
        "flake-utils": [
          "mkElmDerivation",
          "flake-utils"
        ],
        "nixpkgs": [
          "mkElmDerivation",
          "nixpkgs"
        ],
        "npm-fix": "npm-fix",
        "npmlock2nix": "npmlock2nix"
      },
      "locked": {
        "lastModified": 1681842996,
        "narHash": "sha256-xJy/sARdwOn9YCIkuVQdPRZRlhRJhY+Bwpu2alys8nI=",
        "owner": "jeslie0",
        "repo": "elm-watch",
        "rev": "5a358bf479f0ae3b5d7adb5c6f32bdf224cfe044",
        "type": "github"
      },
      "original": {
        "owner": "jeslie0",
        "repo": "elm-watch",
        "type": "github"
      }
    },
    "elmSnapshot": {
      "inputs": {
        "flake-utils": "flake-utils_2",
        "nixpkgs": "nixpkgs"
      },
      "locked": {
        "lastModified": 1687544254,
        "narHash": "sha256-K8xwvBinOv3WdVFv+eMB1mla7mGKp0dzKvyP/aB00Ro=",
        "owner": "jeslie0",
        "repo": "ElmSnapshot",
        "rev": "973f9b82c3735c98c22eb53a016cde7db7816721",
        "type": "github"
      },
      "original": {
        "owner": "jeslie0",
        "repo": "ElmSnapshot",
        "type": "github"
      }
    },
    "flake-utils": {
      "inputs": {
        "systems": "systems"
      },
      "locked": {
        "lastModified": 1701680307,
        "narHash": "sha256-kAuep2h5ajznlPMD9rnQyffWG8EM/C73lejGofXvdM8=",
        "owner": "numtide",
        "repo": "flake-utils",
        "rev": "4022d587cbbfd70fe950c1e2083a02621806a725",
        "type": "github"
      },
      "original": {
        "owner": "numtide",
        "repo": "flake-utils",
        "type": "github"
      }
    },
    "flake-utils_2": {
      "inputs": {
        "systems": "systems_2"
      },
      "locked": {
        "lastModified": 1689068808,
        "narHash": "sha256-6ixXo3wt24N/melDWjq70UuHQLxGV8jZvooRanIHXw0=",
        "owner": "numtide",
        "repo": "flake-utils",
        "rev": "919d646de7be200f3bf08cb76ae1f09402b6f9b4",
        "type": "github"
      },
      "original": {
        "owner": "numtide",
        "repo": "flake-utils",
        "type": "github"
      }
    },
    "flake-utils_3": {
      "locked": {
        "lastModified": 1667395993,
        "narHash": "sha256-nuEHfE/LcWyuSWnS8t12N1wc105Qtau+/OdUAjtQ0rA=",
        "owner": "numtide",
        "repo": "flake-utils",
        "rev": "5aed5285a952e0b949eb3ba02c12fa4fcfef535f",
        "type": "github"
      },
      "original": {
        "owner": "numtide",
        "repo": "flake-utils",
        "type": "github"
      }
    },
    "mkElmDerivation": {
      "inputs": {
        "elm-spa": "elm-spa",
        "elm-watch": "elm-watch",
        "elmSnapshot": "elmSnapshot",
        "flake-utils": "flake-utils_3",
        "nixpkgs": "nixpkgs_2"
      },
      "locked": {
        "lastModified": 1704589880,
        "narHash": "sha256-rNGk4AsHvAAl0QzYUpv2L9ohleh4cdSbOGD0hVuHDyo=",
        "owner": "jeslie0",
        "repo": "mkElmDerivation",
        "rev": "a9bfd06222ee849b2cc86b440c059fa6ad17e050",
        "type": "github"
      },
      "original": {
        "owner": "jeslie0",
        "repo": "mkElmDerivation",
        "type": "github"
      }
    },
    "nixpkgs": {
      "locked": {
        "lastModified": 1692494774,
        "narHash": "sha256-noGVoOTyZ2Kr5OFglzKYOX48cx3hggdCPbXrYMG2FDw=",
        "owner": "nixos",
        "repo": "nixpkgs",
        "rev": "3476a10478587dec90acb14ec6bde0966c545cc0",
        "type": "github"
      },
      "original": {
        "owner": "nixos",
        "ref": "nixpkgs-unstable",
        "repo": "nixpkgs",
        "type": "github"
      }
    },
    "nixpkgs_2": {
      "locked": {
        "lastModified": 1674899129,
        "narHash": "sha256-6LGae8WbdCN4S9+o2wfYDJPpfxC2EnXEvoopVkguNtc=",
        "owner": "nixos",
        "repo": "nixpkgs",
        "rev": "6b9c27b4c9c1c329b27a44ed1fa8935df79f9a8b",
        "type": "github"
      },
      "original": {
        "owner": "nixos",
        "ref": "nixpkgs-unstable",
        "repo": "nixpkgs",
        "type": "github"
      }
    },
    "nixpkgs_3": {
      "locked": {
        "lastModified": 1704722960,
        "narHash": "sha256-mKGJ3sPsT6//s+Knglai5YflJUF2DGj7Ai6Ynopz0kI=",
        "owner": "nixos",
        "repo": "nixpkgs",
        "rev": "317484b1ead87b9c1b8ac5261a8d2dd748a0492d",
        "type": "github"
      },
      "original": {
        "owner": "nixos",
        "ref": "nixos-unstable",
        "repo": "nixpkgs",
        "type": "github"
      }
    },
    "npm-fix": {
      "inputs": {
        "flake-utils": [
          "mkElmDerivation",
          "elm-watch",
          "flake-utils"
        ],
        "nixpkgs": [
          "mkElmDerivation",
          "elm-watch",
          "nixpkgs"
        ]
      },
      "locked": {
        "lastModified": 1681681690,
        "narHash": "sha256-mI2ND49vInMbeXSMQDp8y7Prjh53W4RlpixWRlH2Lio=",
        "owner": "jeslie0",
        "repo": "npm-lockfile-fix",
        "rev": "1a3799d0b8b9ed5b51f39bd878a3ba2d8ac5656a",
        "type": "github"
      },
      "original": {
        "owner": "jeslie0",
        "repo": "npm-lockfile-fix",
        "type": "github"
      }
    },
    "npmlock2nix": {
      "flake": false,
      "locked": {
        "lastModified": 1673447413,
        "narHash": "sha256-sJM82Sj8yfQYs9axEmGZ9Evzdv/kDcI9sddqJ45frrU=",
        "owner": "nix-community",
        "repo": "npmlock2nix",
        "rev": "9197bbf397d76059a76310523d45df10d2e4ca81",
        "type": "github"
      },
      "original": {
        "owner": "nix-community",
        "repo": "npmlock2nix",
        "type": "github"
      }
    },
    "root": {
      "inputs": {
        "flake-utils": "flake-utils",
        "mkElmDerivation": "mkElmDerivation",
        "nixpkgs": "nixpkgs_3"
      }
    },
    "systems": {
      "locked": {
        "lastModified": 1681028828,
        "narHash": "sha256-Vy1rq5AaRuLzOxct8nz4T6wlgyUR7zLU309k9mBC768=",
        "owner": "nix-systems",
        "repo": "default",
        "rev": "da67096a3b9bf56a91d16901293e51ba5b49a27e",
        "type": "github"
      },
      "original": {
        "owner": "nix-systems",
        "repo": "default",
        "type": "github"
      }
    },
    "systems_2": {
      "locked": {
        "lastModified": 1681028828,
        "narHash": "sha256-Vy1rq5AaRuLzOxct8nz4T6wlgyUR7zLU309k9mBC768=",
        "owner": "nix-systems",
        "repo": "default",
        "rev": "da67096a3b9bf56a91d16901293e51ba5b49a27e",
        "type": "github"
      },
      "original": {
        "owner": "nix-systems",
        "repo": "default",
        "type": "github"
      }
    }
  },
  "root": "root",
  "version": 7
}
